
Microsoft Visual Studio Solution File, Format Version 12.00
# Visual Studio Version 16
VisualStudioVersion = 16.0.31025.194
MinimumVisualStudioVersion = 10.0.40219.1
Project("{9A19103F-16F7-4668-BE54-9A1E7A4F7556}") = "SocialMediaApi", "SocialMediaApi\SocialMediaApi.csproj", "{A9FD69D5-FB96-4136-B3AE-8BD0E8F90174}"
EndProject
Project("{FAE04EC0-301F-11D3-BF4B-00C04F79EFBC}") = "SocialMediaCore", "SocialMediaCore\SocialMediaCore.csproj", "{E439BF22-D352-42DD-8CDC-07A03408A39E}"
EndProject
Project("{FAE04EC0-301F-11D3-BF4B-00C04F79EFBC}") = "SocialMediaInfrastructure", "SocialMediaInfrastructure\SocialMediaInfrastructure.csproj", "{27164034-F0EC-4C61-BF20-96DD570A51B8}"
EndProject
Project("{2150E333-8FDC-42A3-9474-1A3956D46DE8}") = "Test", "Test", "{84F71FD6-E450-4BBE-8F4B-46F43F529A8C}"
EndProject
Project("{FAE04EC0-301F-11D3-BF4B-00C04F79EFBC}") = "SocialMediaUnitTest", "SocialMediaUnitTest\SocialMediaUnitTest.csproj", "{39BDBBEC-9B31-415C-8D6E-E2351380E15B}"
EndProject
Project("{FAE04EC0-301F-11D3-BF4B-00C04F79EFBC}") = "SocialMediaIntegrationTest", "SocialMediaIntegrationTest\SocialMediaIntegrationTest.csproj", "{1F332EEC-4E57-40B6-B204-EF939029C7C4}"
EndProject
Global
	GlobalSection(SolutionConfigurationPlatforms) = preSolution
		Debug|Any CPU = Debug|Any CPU
		Release|Any CPU = Release|Any CPU
	EndGlobalSection
	GlobalSection(ProjectConfigurationPlatforms) = postSolution
		{A9FD69D5-FB96-4136-B3AE-8BD0E8F90174}.Debug|Any CPU.ActiveCfg = Debug|Any CPU
		{A9FD69D5-FB96-4136-B3AE-8BD0E8F90174}.Debug|Any CPU.Build.0 = Debug|Any CPU
		{A9FD69D5-FB96-4136-B3AE-8BD0E8F90174}.Release|Any CPU.ActiveCfg = Release|Any CPU
		{A9FD69D5-FB96-4136-B3AE-8BD0E8F90174}.Release|Any CPU.Build.0 = Release|Any CPU
		{E439BF22-D352-42DD-8CDC-07A03408A39E}.Debug|Any CPU.ActiveCfg = Debug|Any CPU
		{E439BF22-D352-42DD-8CDC-07A03408A39E}.Debug|Any CPU.Build.0 = Debug|Any CPU
		{E439BF22-D352-42DD-8CDC-07A03408A39E}.Release|Any CPU.ActiveCfg = Release|Any CPU
		{E439BF22-D352-42DD-8CDC-07A03408A39E}.Release|Any CPU.Build.0 = Release|Any CPU
		{27164034-F0EC-4C61-BF20-96DD570A51B8}.Debug|Any CPU.ActiveCfg = Debug|Any CPU
		{27164034-F0EC-4C61-BF20-96DD570A51B8}.Debug|Any CPU.Build.0 = Debug|Any CPU
		{27164034-F0EC-4C61-BF20-96DD570A51B8}.Release|Any CPU.ActiveCfg = Release|Any CPU
		{27164034-F0EC-4C61-BF20-96DD570A51B8}.Release|Any CPU.Build.0 = Release|Any CPU
		{39BDBBEC-9B31-415C-8D6E-E2351380E15B}.Debug|Any CPU.ActiveCfg = Debug|Any CPU
		{39BDBBEC-9B31-415C-8D6E-E2351380E15B}.Debug|Any CPU.Build.0 = Debug|Any CPU
		{39BDBBEC-9B31-415C-8D6E-E2351380E15B}.Release|Any CPU.ActiveCfg = Release|Any CPU
		{39BDBBEC-9B31-415C-8D6E-E2351380E15B}.Release|Any CPU.Build.0 = Release|Any CPU
		{1F332EEC-4E57-40B6-B204-EF939029C7C4}.Debug|Any CPU.ActiveCfg = Debug|Any CPU
		{1F332EEC-4E57-40B6-B204-EF939029C7C4}.Debug|Any CPU.Build.0 = Debug|Any CPU
		{1F332EEC-4E57-40B6-B204-EF939029C7C4}.Release|Any CPU.ActiveCfg = Release|Any CPU
		{1F332EEC-4E57-40B6-B204-EF939029C7C4}.Release|Any CPU.Build.0 = Release|Any CPU
	EndGlobalSection
	GlobalSection(SolutionProperties) = preSolution
		HideSolutionNode = FALSE
	EndGlobalSection
	GlobalSection(NestedProjects) = preSolution
		{39BDBBEC-9B31-415C-8D6E-E2351380E15B} = {84F71FD6-E450-4BBE-8F4B-46F43F529A8C}
		{1F332EEC-4E57-40B6-B204-EF939029C7C4} = {84F71FD6-E450-4BBE-8F4B-46F43F529A8C}
	EndGlobalSection
	GlobalSection(ExtensibilityGlobals) = postSolution
		SolutionGuid = {E48F7100-1A6C-43C6-9C8F-A1AF2DF7A1FD}
	EndGlobalSection
EndGlobal
